
Microsoft Visual Studio Solution File, Format Version 12.00
# Visual Studio 2012
Project("{FAE04EC0-301F-11D3-BF4B-00C04F79EFBC}") = "Backstage", "Backstage\Backstage.csproj", "{8FA49A3D-85C5-4125-A6D8-3B27A240EBC4}"
EndProject
Project("{2150E333-8FDC-42A3-9474-1A3956D46DE8}") = "Tests", "Tests", "{7E9E7649-CBC4-40ED-BC9A-FAF8E9B46604}"
EndProject
Project("{FAE04EC0-301F-11D3-BF4B-00C04F79EFBC}") = "Backstage.Tests", "Tests\Backstage.Tests\Backstage.Tests\Backstage.Tests.csproj", "{D92B3342-54C2-4991-BC0B-A5C5272B28CD}"
EndProject
Project("{FAE04EC0-301F-11D3-BF4B-00C04F79EFBC}") = "Backstage.Web", "Backstage.Web\Backstage.Web.csproj", "{4DE1DE2A-86EF-4E4C-AE67-E433BF0181DD}"
EndProject
Project("{FAE04EC0-301F-11D3-BF4B-00C04F79EFBC}") = "Backstage.NHibernateProvider", "Backstage.NHibernateProvider\Backstage.NHibernateProvider.csproj", "{3738FB0D-5447-42A6-BBDF-1396DE174669}"
EndProject
Project("{FAE04EC0-301F-11D3-BF4B-00C04F79EFBC}") = "Backstage.NHibernateProvider.Tests", "Tests\Backstage.NHibernateProvider.Tests\Backstage.NHibernateProvider.Tests.csproj", "{727B081E-0A3D-4DB2-B82B-11D35778E297}"
EndProject
Project("{2150E333-8FDC-42A3-9474-1A3956D46DE8}") = ".nuget", ".nuget", "{502E6812-5272-49CE-B18E-B11D16AB1A95}"
	ProjectSection(SolutionItems) = preProject
		.nuget\packages.config = .nuget\packages.config
	EndProjectSection
EndProject
Project("{FAE04EC0-301F-11D3-BF4B-00C04F79EFBC}") = "Backstage.Web.Mvc", "Backstage.Web.Mvc\Backstage.Web.Mvc.csproj", "{D2EAEB1A-6342-4D32-928A-AEC01578C129}"
EndProject
Project("{FAE04EC0-301F-11D3-BF4B-00C04F79EFBC}") = "Backstage.Web.Mvc.Tests", "Tests\Backstage.Web.Mvc.Tests\Backstage.Web.Mvc.Tests.csproj", "{FBEF3186-A3B3-4FBB-9E09-9736073D13F7}"
EndProject
Global
	GlobalSection(SolutionConfigurationPlatforms) = preSolution
		Debug|Any CPU = Debug|Any CPU
		Release|Any CPU = Release|Any CPU
	EndGlobalSection
	GlobalSection(ProjectConfigurationPlatforms) = postSolution
		{8FA49A3D-85C5-4125-A6D8-3B27A240EBC4}.Debug|Any CPU.ActiveCfg = Debug|Any CPU
		{8FA49A3D-85C5-4125-A6D8-3B27A240EBC4}.Debug|Any CPU.Build.0 = Debug|Any CPU
		{8FA49A3D-85C5-4125-A6D8-3B27A240EBC4}.Release|Any CPU.ActiveCfg = Release|Any CPU
		{8FA49A3D-85C5-4125-A6D8-3B27A240EBC4}.Release|Any CPU.Build.0 = Release|Any CPU
		{D92B3342-54C2-4991-BC0B-A5C5272B28CD}.Debug|Any CPU.ActiveCfg = Debug|Any CPU
		{D92B3342-54C2-4991-BC0B-A5C5272B28CD}.Debug|Any CPU.Build.0 = Debug|Any CPU
		{D92B3342-54C2-4991-BC0B-A5C5272B28CD}.Release|Any CPU.ActiveCfg = Release|Any CPU
		{D92B3342-54C2-4991-BC0B-A5C5272B28CD}.Release|Any CPU.Build.0 = Release|Any CPU
		{4DE1DE2A-86EF-4E4C-AE67-E433BF0181DD}.Debug|Any CPU.ActiveCfg = Debug|Any CPU
		{4DE1DE2A-86EF-4E4C-AE67-E433BF0181DD}.Debug|Any CPU.Build.0 = Debug|Any CPU
		{4DE1DE2A-86EF-4E4C-AE67-E433BF0181DD}.Release|Any CPU.ActiveCfg = Release|Any CPU
		{4DE1DE2A-86EF-4E4C-AE67-E433BF0181DD}.Release|Any CPU.Build.0 = Release|Any CPU
		{3738FB0D-5447-42A6-BBDF-1396DE174669}.Debug|Any CPU.ActiveCfg = Debug|Any CPU
		{3738FB0D-5447-42A6-BBDF-1396DE174669}.Debug|Any CPU.Build.0 = Debug|Any CPU
		{3738FB0D-5447-42A6-BBDF-1396DE174669}.Release|Any CPU.ActiveCfg = Release|Any CPU
		{3738FB0D-5447-42A6-BBDF-1396DE174669}.Release|Any CPU.Build.0 = Release|Any CPU
		{727B081E-0A3D-4DB2-B82B-11D35778E297}.Debug|Any CPU.ActiveCfg = Debug|Any CPU
		{727B081E-0A3D-4DB2-B82B-11D35778E297}.Debug|Any CPU.Build.0 = Debug|Any CPU
		{727B081E-0A3D-4DB2-B82B-11D35778E297}.Release|Any CPU.ActiveCfg = Release|Any CPU
		{727B081E-0A3D-4DB2-B82B-11D35778E297}.Release|Any CPU.Build.0 = Release|Any CPU
		{D2EAEB1A-6342-4D32-928A-AEC01578C129}.Debug|Any CPU.ActiveCfg = Debug|Any CPU
		{D2EAEB1A-6342-4D32-928A-AEC01578C129}.Debug|Any CPU.Build.0 = Debug|Any CPU
		{D2EAEB1A-6342-4D32-928A-AEC01578C129}.Release|Any CPU.ActiveCfg = Release|Any CPU
		{D2EAEB1A-6342-4D32-928A-AEC01578C129}.Release|Any CPU.Build.0 = Release|Any CPU
		{FBEF3186-A3B3-4FBB-9E09-9736073D13F7}.Debug|Any CPU.ActiveCfg = Debug|Any CPU
		{FBEF3186-A3B3-4FBB-9E09-9736073D13F7}.Debug|Any CPU.Build.0 = Debug|Any CPU
		{FBEF3186-A3B3-4FBB-9E09-9736073D13F7}.Release|Any CPU.ActiveCfg = Release|Any CPU
		{FBEF3186-A3B3-4FBB-9E09-9736073D13F7}.Release|Any CPU.Build.0 = Release|Any CPU
	EndGlobalSection
	GlobalSection(SolutionProperties) = preSolution
		HideSolutionNode = FALSE
	EndGlobalSection
	GlobalSection(NestedProjects) = preSolution
		{D92B3342-54C2-4991-BC0B-A5C5272B28CD} = {7E9E7649-CBC4-40ED-BC9A-FAF8E9B46604}
		{727B081E-0A3D-4DB2-B82B-11D35778E297} = {7E9E7649-CBC4-40ED-BC9A-FAF8E9B46604}
		{FBEF3186-A3B3-4FBB-9E09-9736073D13F7} = {7E9E7649-CBC4-40ED-BC9A-FAF8E9B46604}
	EndGlobalSection
EndGlobal
