
Microsoft Visual Studio Solution File, Format Version 12.00
# Visual Studio 2012
Project("{FAE04EC0-301F-11D3-BF4B-00C04F79EFBC}") = "Backstage", "Backstage\Backstage.csproj", "{8FA49A3D-85C5-4125-A6D8-3B27A240EBC4}"
EndProject
Project("{2150E333-8FDC-42A3-9474-1A3956D46DE8}") = "Tests", "Tests", "{7E9E7649-CBC4-40ED-BC9A-FAF8E9B46604}"
EndProject
Project("{FAE04EC0-301F-11D3-BF4B-00C04F79EFBC}") = "Backstage.Tests", "Tests\Backstage.Tests\Backstage.Tests\Backstage.Tests.csproj", "{D92B3342-54C2-4991-BC0B-A5C5272B28CD}"
EndProject
Global
	GlobalSection(SolutionConfigurationPlatforms) = preSolution
		Debug|Any CPU = Debug|Any CPU
		Release|Any CPU = Release|Any CPU
	EndGlobalSection
	GlobalSection(ProjectConfigurationPlatforms) = postSolution
		{8FA49A3D-85C5-4125-A6D8-3B27A240EBC4}.Debug|Any CPU.ActiveCfg = Debug|Any CPU
		{8FA49A3D-85C5-4125-A6D8-3B27A240EBC4}.Debug|Any CPU.Build.0 = Debug|Any CPU
		{8FA49A3D-85C5-4125-A6D8-3B27A240EBC4}.Release|Any CPU.ActiveCfg = Release|Any CPU
		{8FA49A3D-85C5-4125-A6D8-3B27A240EBC4}.Release|Any CPU.Build.0 = Release|Any CPU
		{D92B3342-54C2-4991-BC0B-A5C5272B28CD}.Debug|Any CPU.ActiveCfg = Debug|Any CPU
		{D92B3342-54C2-4991-BC0B-A5C5272B28CD}.Debug|Any CPU.Build.0 = Debug|Any CPU
		{D92B3342-54C2-4991-BC0B-A5C5272B28CD}.Release|Any CPU.ActiveCfg = Release|Any CPU
		{D92B3342-54C2-4991-BC0B-A5C5272B28CD}.Release|Any CPU.Build.0 = Release|Any CPU
	EndGlobalSection
	GlobalSection(SolutionProperties) = preSolution
		HideSolutionNode = FALSE
	EndGlobalSection
	GlobalSection(NestedProjects) = preSolution
		{D92B3342-54C2-4991-BC0B-A5C5272B28CD} = {7E9E7649-CBC4-40ED-BC9A-FAF8E9B46604}
	EndGlobalSection
EndGlobal
